
Microsoft Visual Studio Solution File, Format Version 12.00
# Visual Studio Version 16
VisualStudioVersion = 16.0.30413.136
MinimumVisualStudioVersion = 10.0.40219.1
Project("{FAE04EC0-301F-11D3-BF4B-00C04F79EFBC}") = "AquaCalculation", "AquaCalculation\AquaCalculation.csproj", "{101C5E58-5CB7-4E82-B069-B3BFABEC970A}"
EndProject
Project("{2150E333-8FDC-42A3-9474-1A3956D46DE8}") = "Test", "Test", "{ECE64C15-5299-4F8A-AF0A-54B06035C664}"
EndProject
Project("{FAE04EC0-301F-11D3-BF4B-00C04F79EFBC}") = "AquaCalculationTest", "AquaCalculationTest\AquaCalculationTest.csproj", "{ED1C6D20-D565-4719-8927-4A7B9F46E209}"
EndProject
Global
	GlobalSection(SolutionConfigurationPlatforms) = preSolution
		Debug|Any CPU = Debug|Any CPU
		Release|Any CPU = Release|Any CPU
	EndGlobalSection
	GlobalSection(ProjectConfigurationPlatforms) = postSolution
		{101C5E58-5CB7-4E82-B069-B3BFABEC970A}.Debug|Any CPU.ActiveCfg = Debug|Any CPU
		{101C5E58-5CB7-4E82-B069-B3BFABEC970A}.Debug|Any CPU.Build.0 = Debug|Any CPU
		{101C5E58-5CB7-4E82-B069-B3BFABEC970A}.Release|Any CPU.ActiveCfg = Release|Any CPU
		{101C5E58-5CB7-4E82-B069-B3BFABEC970A}.Release|Any CPU.Build.0 = Release|Any CPU
		{ED1C6D20-D565-4719-8927-4A7B9F46E209}.Debug|Any CPU.ActiveCfg = Debug|Any CPU
		{ED1C6D20-D565-4719-8927-4A7B9F46E209}.Debug|Any CPU.Build.0 = Debug|Any CPU
		{ED1C6D20-D565-4719-8927-4A7B9F46E209}.Release|Any CPU.ActiveCfg = Release|Any CPU
		{ED1C6D20-D565-4719-8927-4A7B9F46E209}.Release|Any CPU.Build.0 = Release|Any CPU
	EndGlobalSection
	GlobalSection(SolutionProperties) = preSolution
		HideSolutionNode = FALSE
	EndGlobalSection
	GlobalSection(NestedProjects) = preSolution
		{ED1C6D20-D565-4719-8927-4A7B9F46E209} = {ECE64C15-5299-4F8A-AF0A-54B06035C664}
	EndGlobalSection
	GlobalSection(ExtensibilityGlobals) = postSolution
		SolutionGuid = {A9D957BE-E04F-4411-91AF-BD7ECF797CBA}
	EndGlobalSection
EndGlobal
